
Microsoft Visual Studio Solution File, Format Version 12.00
# Visual Studio Version 17
Project("{2150E333-8FDC-42A3-9474-1A3956D46DE8}") = "CMakePredefinedTargets", "CMakePredefinedTargets", "{09510566-9098-36B5-B9D3-3EA31A541A3A}"
EndProject
Project("{2150E333-8FDC-42A3-9474-1A3956D46DE8}") = "External", "External", "{0EFB21D0-7231-37CC-8585-D0E0C9D65E2B}"
EndProject
Project("{2150E333-8FDC-42A3-9474-1A3956D46DE8}") = "Internal", "Internal", "{C03605B6-E860-349C-A1ED-9B4563269536}"
EndProject
Project("{2150E333-8FDC-42A3-9474-1A3956D46DE8}") = "Utils", "Utils", "{00E1AE88-4C49-357C-A9F8-BF1F8836A08B}"
EndProject
Project("{8BC9CEB8-8B4A-11D0-8D11-00A0C91BC942}") = "ALL_BUILD", "ALL_BUILD.vcxproj", "{C47ADA04-1FF2-30FD-9572-3AFC89155583}"
	ProjectSection(ProjectDependencies) = postProject
		{06953C2D-74E0-3A0B-B1D0-721E45754332} = {06953C2D-74E0-3A0B-B1D0-721E45754332}
		{58702EE4-0E9B-3423-9AE0-12F71D78881D} = {58702EE4-0E9B-3423-9AE0-12F71D78881D}
		{D0C62FE7-B592-3277-9047-3A1A3859BE45} = {D0C62FE7-B592-3277-9047-3A1A3859BE45}
		{CEDD3192-F2E5-3220-9E07-8A023C68B579} = {CEDD3192-F2E5-3220-9E07-8A023C68B579}
		{FBD7619C-ABB4-381D-8C9A-6D0E60C148A2} = {FBD7619C-ABB4-381D-8C9A-6D0E60C148A2}
		{F17FD27A-1406-3199-B636-3E269ABE2318} = {F17FD27A-1406-3199-B636-3E269ABE2318}
		{053B4B67-9CEA-3665-8742-1F6F7287D792} = {053B4B67-9CEA-3665-8742-1F6F7287D792}
		{50E37423-47F4-391F-AD27-7D2E0126003C} = {50E37423-47F4-391F-AD27-7D2E0126003C}
		{0D21A82C-CF30-307F-9630-CDFA43F8561F} = {0D21A82C-CF30-307F-9630-CDFA43F8561F}
		{C3351949-064D-3B37-8B03-3D5C5F743F18} = {C3351949-064D-3B37-8B03-3D5C5F743F18}
		{AC1ACB86-B817-31DD-9F19-765023CC49E2} = {AC1ACB86-B817-31DD-9F19-765023CC49E2}
		{D71D27E7-CCEE-3EDD-9739-59B71BE7C934} = {D71D27E7-CCEE-3EDD-9739-59B71BE7C934}
		{741DF903-239F-3795-B504-AEDAFC766895} = {741DF903-239F-3795-B504-AEDAFC766895}
		{BA05D3C3-FB80-377F-8133-E23480947445} = {BA05D3C3-FB80-377F-8133-E23480947445}
		{8D254561-8E3E-3373-8DFA-A324FB2E8450} = {8D254561-8E3E-3373-8DFA-A324FB2E8450}
	EndProjectSection
EndProject
Project("{8BC9CEB8-8B4A-11D0-8D11-00A0C91BC942}") = "SYNC_RESOURCE-TeamfightTactics", "SYNC_RESOURCE-TeamfightTactics.vcxproj", "{06953C2D-74E0-3A0B-B1D0-721E45754332}"
	ProjectSection(ProjectDependencies) = postProject
		{D0C62FE7-B592-3277-9047-3A1A3859BE45} = {D0C62FE7-B592-3277-9047-3A1A3859BE45}
	EndProjectSection
EndProject
Project("{8BC9CEB8-8B4A-11D0-8D11-00A0C91BC942}") = "TeamfightTactics", "TeamfightTactics.vcxproj", "{58702EE4-0E9B-3423-9AE0-12F71D78881D}"
	ProjectSection(ProjectDependencies) = postProject
		{06953C2D-74E0-3A0B-B1D0-721E45754332} = {06953C2D-74E0-3A0B-B1D0-721E45754332}
		{D0C62FE7-B592-3277-9047-3A1A3859BE45} = {D0C62FE7-B592-3277-9047-3A1A3859BE45}
		{CEDD3192-F2E5-3220-9E07-8A023C68B579} = {CEDD3192-F2E5-3220-9E07-8A023C68B579}
		{FBD7619C-ABB4-381D-8C9A-6D0E60C148A2} = {FBD7619C-ABB4-381D-8C9A-6D0E60C148A2}
		{F17FD27A-1406-3199-B636-3E269ABE2318} = {F17FD27A-1406-3199-B636-3E269ABE2318}
		{053B4B67-9CEA-3665-8742-1F6F7287D792} = {053B4B67-9CEA-3665-8742-1F6F7287D792}
		{50E37423-47F4-391F-AD27-7D2E0126003C} = {50E37423-47F4-391F-AD27-7D2E0126003C}
		{0D21A82C-CF30-307F-9630-CDFA43F8561F} = {0D21A82C-CF30-307F-9630-CDFA43F8561F}
		{C3351949-064D-3B37-8B03-3D5C5F743F18} = {C3351949-064D-3B37-8B03-3D5C5F743F18}
		{AC1ACB86-B817-31DD-9F19-765023CC49E2} = {AC1ACB86-B817-31DD-9F19-765023CC49E2}
		{D71D27E7-CCEE-3EDD-9739-59B71BE7C934} = {D71D27E7-CCEE-3EDD-9739-59B71BE7C934}
		{741DF903-239F-3795-B504-AEDAFC766895} = {741DF903-239F-3795-B504-AEDAFC766895}
		{BA05D3C3-FB80-377F-8133-E23480947445} = {BA05D3C3-FB80-377F-8133-E23480947445}
		{8D254561-8E3E-3373-8DFA-A324FB2E8450} = {8D254561-8E3E-3373-8DFA-A324FB2E8450}
	EndProjectSection
EndProject
Project("{8BC9CEB8-8B4A-11D0-8D11-00A0C91BC942}") = "ZERO_CHECK", "ZERO_CHECK.vcxproj", "{D0C62FE7-B592-3277-9047-3A1A3859BE45}"
	ProjectSection(ProjectDependencies) = postProject
	EndProjectSection
EndProject
Project("{8BC9CEB8-8B4A-11D0-8D11-00A0C91BC942}") = "cocos2d", "engine\cocos\core\cocos2d.vcxproj", "{CEDD3192-F2E5-3220-9E07-8A023C68B579}"
	ProjectSection(ProjectDependencies) = postProject
		{D0C62FE7-B592-3277-9047-3A1A3859BE45} = {D0C62FE7-B592-3277-9047-3A1A3859BE45}
		{FBD7619C-ABB4-381D-8C9A-6D0E60C148A2} = {FBD7619C-ABB4-381D-8C9A-6D0E60C148A2}
		{F17FD27A-1406-3199-B636-3E269ABE2318} = {F17FD27A-1406-3199-B636-3E269ABE2318}
		{053B4B67-9CEA-3665-8742-1F6F7287D792} = {053B4B67-9CEA-3665-8742-1F6F7287D792}
		{50E37423-47F4-391F-AD27-7D2E0126003C} = {50E37423-47F4-391F-AD27-7D2E0126003C}
		{0D21A82C-CF30-307F-9630-CDFA43F8561F} = {0D21A82C-CF30-307F-9630-CDFA43F8561F}
		{C3351949-064D-3B37-8B03-3D5C5F743F18} = {C3351949-064D-3B37-8B03-3D5C5F743F18}
		{AC1ACB86-B817-31DD-9F19-765023CC49E2} = {AC1ACB86-B817-31DD-9F19-765023CC49E2}
		{D71D27E7-CCEE-3EDD-9739-59B71BE7C934} = {D71D27E7-CCEE-3EDD-9739-59B71BE7C934}
		{741DF903-239F-3795-B504-AEDAFC766895} = {741DF903-239F-3795-B504-AEDAFC766895}
		{BA05D3C3-FB80-377F-8133-E23480947445} = {BA05D3C3-FB80-377F-8133-E23480947445}
		{8D254561-8E3E-3373-8DFA-A324FB2E8450} = {8D254561-8E3E-3373-8DFA-A324FB2E8450}
	EndProjectSection
EndProject
Project("{8BC9CEB8-8B4A-11D0-8D11-00A0C91BC942}") = "ext_clipper", "engine\external\clipper\ext_clipper.vcxproj", "{FBD7619C-ABB4-381D-8C9A-6D0E60C148A2}"
	ProjectSection(ProjectDependencies) = postProject
		{D0C62FE7-B592-3277-9047-3A1A3859BE45} = {D0C62FE7-B592-3277-9047-3A1A3859BE45}
	EndProjectSection
EndProject
Project("{8BC9CEB8-8B4A-11D0-8D11-00A0C91BC942}") = "ext_convertUTF", "engine\external\ConvertUTF\ext_convertUTF.vcxproj", "{F17FD27A-1406-3199-B636-3E269ABE2318}"
	ProjectSection(ProjectDependencies) = postProject
		{D0C62FE7-B592-3277-9047-3A1A3859BE45} = {D0C62FE7-B592-3277-9047-3A1A3859BE45}
	EndProjectSection
EndProject
Project("{8BC9CEB8-8B4A-11D0-8D11-00A0C91BC942}") = "ext_edtaa3func", "engine\external\edtaa3func\ext_edtaa3func.vcxproj", "{053B4B67-9CEA-3665-8742-1F6F7287D792}"
	ProjectSection(ProjectDependencies) = postProject
		{D0C62FE7-B592-3277-9047-3A1A3859BE45} = {D0C62FE7-B592-3277-9047-3A1A3859BE45}
	EndProjectSection
EndProject
Project("{8BC9CEB8-8B4A-11D0-8D11-00A0C91BC942}") = "ext_md5", "engine\external\md5\ext_md5.vcxproj", "{50E37423-47F4-391F-AD27-7D2E0126003C}"
	ProjectSection(ProjectDependencies) = postProject
		{D0C62FE7-B592-3277-9047-3A1A3859BE45} = {D0C62FE7-B592-3277-9047-3A1A3859BE45}
	EndProjectSection
EndProject
Project("{8BC9CEB8-8B4A-11D0-8D11-00A0C91BC942}") = "ext_poly2tri", "engine\external\poly2tri\ext_poly2tri.vcxproj", "{0D21A82C-CF30-307F-9630-CDFA43F8561F}"
	ProjectSection(ProjectDependencies) = postProject
		{D0C62FE7-B592-3277-9047-3A1A3859BE45} = {D0C62FE7-B592-3277-9047-3A1A3859BE45}
	EndProjectSection
EndProject
Project("{8BC9CEB8-8B4A-11D0-8D11-00A0C91BC942}") = "ext_recast", "engine\external\recast\ext_recast.vcxproj", "{C3351949-064D-3B37-8B03-3D5C5F743F18}"
	ProjectSection(ProjectDependencies) = postProject
		{D0C62FE7-B592-3277-9047-3A1A3859BE45} = {D0C62FE7-B592-3277-9047-3A1A3859BE45}
	EndProjectSection
EndProject
Project("{8BC9CEB8-8B4A-11D0-8D11-00A0C91BC942}") = "ext_tinyxml2", "engine\external\tinyxml2\ext_tinyxml2.vcxproj", "{AC1ACB86-B817-31DD-9F19-765023CC49E2}"
	ProjectSection(ProjectDependencies) = postProject
		{D0C62FE7-B592-3277-9047-3A1A3859BE45} = {D0C62FE7-B592-3277-9047-3A1A3859BE45}
	EndProjectSection
EndProject
Project("{8BC9CEB8-8B4A-11D0-8D11-00A0C91BC942}") = "ext_unzip", "engine\external\unzip\ext_unzip.vcxproj", "{D71D27E7-CCEE-3EDD-9739-59B71BE7C934}"
	ProjectSection(ProjectDependencies) = postProject
		{D0C62FE7-B592-3277-9047-3A1A3859BE45} = {D0C62FE7-B592-3277-9047-3A1A3859BE45}
	EndProjectSection
EndProject
Project("{8BC9CEB8-8B4A-11D0-8D11-00A0C91BC942}") = "ext_xxhash", "engine\external\xxhash\ext_xxhash.vcxproj", "{741DF903-239F-3795-B504-AEDAFC766895}"
	ProjectSection(ProjectDependencies) = postProject
		{D0C62FE7-B592-3277-9047-3A1A3859BE45} = {D0C62FE7-B592-3277-9047-3A1A3859BE45}
	EndProjectSection
EndProject
Project("{8BC9CEB8-8B4A-11D0-8D11-00A0C91BC942}") = "ext_xxtea", "engine\external\xxtea\ext_xxtea.vcxproj", "{BA05D3C3-FB80-377F-8133-E23480947445}"
	ProjectSection(ProjectDependencies) = postProject
		{D0C62FE7-B592-3277-9047-3A1A3859BE45} = {D0C62FE7-B592-3277-9047-3A1A3859BE45}
	EndProjectSection
EndProject
Project("{8BC9CEB8-8B4A-11D0-8D11-00A0C91BC942}") = "external", "engine\external\external.vcxproj", "{8D254561-8E3E-3373-8DFA-A324FB2E8450}"
	ProjectSection(ProjectDependencies) = postProject
		{D0C62FE7-B592-3277-9047-3A1A3859BE45} = {D0C62FE7-B592-3277-9047-3A1A3859BE45}
		{FBD7619C-ABB4-381D-8C9A-6D0E60C148A2} = {FBD7619C-ABB4-381D-8C9A-6D0E60C148A2}
		{F17FD27A-1406-3199-B636-3E269ABE2318} = {F17FD27A-1406-3199-B636-3E269ABE2318}
		{053B4B67-9CEA-3665-8742-1F6F7287D792} = {053B4B67-9CEA-3665-8742-1F6F7287D792}
		{50E37423-47F4-391F-AD27-7D2E0126003C} = {50E37423-47F4-391F-AD27-7D2E0126003C}
		{0D21A82C-CF30-307F-9630-CDFA43F8561F} = {0D21A82C-CF30-307F-9630-CDFA43F8561F}
		{C3351949-064D-3B37-8B03-3D5C5F743F18} = {C3351949-064D-3B37-8B03-3D5C5F743F18}
		{AC1ACB86-B817-31DD-9F19-765023CC49E2} = {AC1ACB86-B817-31DD-9F19-765023CC49E2}
		{D71D27E7-CCEE-3EDD-9739-59B71BE7C934} = {D71D27E7-CCEE-3EDD-9739-59B71BE7C934}
		{741DF903-239F-3795-B504-AEDAFC766895} = {741DF903-239F-3795-B504-AEDAFC766895}
		{BA05D3C3-FB80-377F-8133-E23480947445} = {BA05D3C3-FB80-377F-8133-E23480947445}
	EndProjectSection
EndProject
Global
	GlobalSection(SolutionConfigurationPlatforms) = preSolution
		Debug|win32 = Debug|win32
		Release|win32 = Release|win32
		MinSizeRel|win32 = MinSizeRel|win32
		RelWithDebInfo|win32 = RelWithDebInfo|win32
	EndGlobalSection
	GlobalSection(ProjectConfigurationPlatforms) = postSolution
		{C47ADA04-1FF2-30FD-9572-3AFC89155583}.Debug|win32.ActiveCfg = Debug|win32
		{C47ADA04-1FF2-30FD-9572-3AFC89155583}.Release|win32.ActiveCfg = Release|win32
		{C47ADA04-1FF2-30FD-9572-3AFC89155583}.MinSizeRel|win32.ActiveCfg = MinSizeRel|win32
		{C47ADA04-1FF2-30FD-9572-3AFC89155583}.RelWithDebInfo|win32.ActiveCfg = RelWithDebInfo|win32
		{06953C2D-74E0-3A0B-B1D0-721E45754332}.Debug|win32.ActiveCfg = Debug|win32
		{06953C2D-74E0-3A0B-B1D0-721E45754332}.Debug|win32.Build.0 = Debug|win32
		{06953C2D-74E0-3A0B-B1D0-721E45754332}.Release|win32.ActiveCfg = Release|win32
		{06953C2D-74E0-3A0B-B1D0-721E45754332}.Release|win32.Build.0 = Release|win32
		{06953C2D-74E0-3A0B-B1D0-721E45754332}.MinSizeRel|win32.ActiveCfg = MinSizeRel|win32
		{06953C2D-74E0-3A0B-B1D0-721E45754332}.MinSizeRel|win32.Build.0 = MinSizeRel|win32
		{06953C2D-74E0-3A0B-B1D0-721E45754332}.RelWithDebInfo|win32.ActiveCfg = RelWithDebInfo|win32
		{06953C2D-74E0-3A0B-B1D0-721E45754332}.RelWithDebInfo|win32.Build.0 = RelWithDebInfo|win32
		{58702EE4-0E9B-3423-9AE0-12F71D78881D}.Debug|win32.ActiveCfg = Debug|win32
		{58702EE4-0E9B-3423-9AE0-12F71D78881D}.Debug|win32.Build.0 = Debug|win32
		{58702EE4-0E9B-3423-9AE0-12F71D78881D}.Release|win32.ActiveCfg = Release|win32
		{58702EE4-0E9B-3423-9AE0-12F71D78881D}.Release|win32.Build.0 = Release|win32
		{58702EE4-0E9B-3423-9AE0-12F71D78881D}.MinSizeRel|win32.ActiveCfg = MinSizeRel|win32
		{58702EE4-0E9B-3423-9AE0-12F71D78881D}.MinSizeRel|win32.Build.0 = MinSizeRel|win32
		{58702EE4-0E9B-3423-9AE0-12F71D78881D}.RelWithDebInfo|win32.ActiveCfg = RelWithDebInfo|win32
		{58702EE4-0E9B-3423-9AE0-12F71D78881D}.RelWithDebInfo|win32.Build.0 = RelWithDebInfo|win32
		{D0C62FE7-B592-3277-9047-3A1A3859BE45}.Debug|win32.ActiveCfg = Debug|win32
		{D0C62FE7-B592-3277-9047-3A1A3859BE45}.Debug|win32.Build.0 = Debug|win32
		{D0C62FE7-B592-3277-9047-3A1A3859BE45}.Release|win32.ActiveCfg = Release|win32
		{D0C62FE7-B592-3277-9047-3A1A3859BE45}.Release|win32.Build.0 = Release|win32
		{D0C62FE7-B592-3277-9047-3A1A3859BE45}.MinSizeRel|win32.ActiveCfg = MinSizeRel|win32
		{D0C62FE7-B592-3277-9047-3A1A3859BE45}.MinSizeRel|win32.Build.0 = MinSizeRel|win32
		{D0C62FE7-B592-3277-9047-3A1A3859BE45}.RelWithDebInfo|win32.ActiveCfg = RelWithDebInfo|win32
		{D0C62FE7-B592-3277-9047-3A1A3859BE45}.RelWithDebInfo|win32.Build.0 = RelWithDebInfo|win32
		{CEDD3192-F2E5-3220-9E07-8A023C68B579}.Debug|win32.ActiveCfg = Debug|win32
		{CEDD3192-F2E5-3220-9E07-8A023C68B579}.Debug|win32.Build.0 = Debug|win32
		{CEDD3192-F2E5-3220-9E07-8A023C68B579}.Release|win32.ActiveCfg = Release|win32
		{CEDD3192-F2E5-3220-9E07-8A023C68B579}.Release|win32.Build.0 = Release|win32
		{CEDD3192-F2E5-3220-9E07-8A023C68B579}.MinSizeRel|win32.ActiveCfg = MinSizeRel|win32
		{CEDD3192-F2E5-3220-9E07-8A023C68B579}.MinSizeRel|win32.Build.0 = MinSizeRel|win32
		{CEDD3192-F2E5-3220-9E07-8A023C68B579}.RelWithDebInfo|win32.ActiveCfg = RelWithDebInfo|win32
		{CEDD3192-F2E5-3220-9E07-8A023C68B579}.RelWithDebInfo|win32.Build.0 = RelWithDebInfo|win32
		{FBD7619C-ABB4-381D-8C9A-6D0E60C148A2}.Debug|win32.ActiveCfg = Debug|win32
		{FBD7619C-ABB4-381D-8C9A-6D0E60C148A2}.Debug|win32.Build.0 = Debug|win32
		{FBD7619C-ABB4-381D-8C9A-6D0E60C148A2}.Release|win32.ActiveCfg = Release|win32
		{FBD7619C-ABB4-381D-8C9A-6D0E60C148A2}.Release|win32.Build.0 = Release|win32
		{FBD7619C-ABB4-381D-8C9A-6D0E60C148A2}.MinSizeRel|win32.ActiveCfg = MinSizeRel|win32
		{FBD7619C-ABB4-381D-8C9A-6D0E60C148A2}.MinSizeRel|win32.Build.0 = MinSizeRel|win32
		{FBD7619C-ABB4-381D-8C9A-6D0E60C148A2}.RelWithDebInfo|win32.ActiveCfg = RelWithDebInfo|win32
		{FBD7619C-ABB4-381D-8C9A-6D0E60C148A2}.RelWithDebInfo|win32.Build.0 = RelWithDebInfo|win32
		{F17FD27A-1406-3199-B636-3E269ABE2318}.Debug|win32.ActiveCfg = Debug|win32
		{F17FD27A-1406-3199-B636-3E269ABE2318}.Debug|win32.Build.0 = Debug|win32
		{F17FD27A-1406-3199-B636-3E269ABE2318}.Release|win32.ActiveCfg = Release|win32
		{F17FD27A-1406-3199-B636-3E269ABE2318}.Release|win32.Build.0 = Release|win32
		{F17FD27A-1406-3199-B636-3E269ABE2318}.MinSizeRel|win32.ActiveCfg = MinSizeRel|win32
		{F17FD27A-1406-3199-B636-3E269ABE2318}.MinSizeRel|win32.Build.0 = MinSizeRel|win32
		{F17FD27A-1406-3199-B636-3E269ABE2318}.RelWithDebInfo|win32.ActiveCfg = RelWithDebInfo|win32
		{F17FD27A-1406-3199-B636-3E269ABE2318}.RelWithDebInfo|win32.Build.0 = RelWithDebInfo|win32
		{053B4B67-9CEA-3665-8742-1F6F7287D792}.Debug|win32.ActiveCfg = Debug|win32
		{053B4B67-9CEA-3665-8742-1F6F7287D792}.Debug|win32.Build.0 = Debug|win32
		{053B4B67-9CEA-3665-8742-1F6F7287D792}.Release|win32.ActiveCfg = Release|win32
		{053B4B67-9CEA-3665-8742-1F6F7287D792}.Release|win32.Build.0 = Release|win32
		{053B4B67-9CEA-3665-8742-1F6F7287D792}.MinSizeRel|win32.ActiveCfg = MinSizeRel|win32
		{053B4B67-9CEA-3665-8742-1F6F7287D792}.MinSizeRel|win32.Build.0 = MinSizeRel|win32
		{053B4B67-9CEA-3665-8742-1F6F7287D792}.RelWithDebInfo|win32.ActiveCfg = RelWithDebInfo|win32
		{053B4B67-9CEA-3665-8742-1F6F7287D792}.RelWithDebInfo|win32.Build.0 = RelWithDebInfo|win32
		{50E37423-47F4-391F-AD27-7D2E0126003C}.Debug|win32.ActiveCfg = Debug|win32
		{50E37423-47F4-391F-AD27-7D2E0126003C}.Debug|win32.Build.0 = Debug|win32
		{50E37423-47F4-391F-AD27-7D2E0126003C}.Release|win32.ActiveCfg = Release|win32
		{50E37423-47F4-391F-AD27-7D2E0126003C}.Release|win32.Build.0 = Release|win32
		{50E37423-47F4-391F-AD27-7D2E0126003C}.MinSizeRel|win32.ActiveCfg = MinSizeRel|win32
		{50E37423-47F4-391F-AD27-7D2E0126003C}.MinSizeRel|win32.Build.0 = MinSizeRel|win32
		{50E37423-47F4-391F-AD27-7D2E0126003C}.RelWithDebInfo|win32.ActiveCfg = RelWithDebInfo|win32
		{50E37423-47F4-391F-AD27-7D2E0126003C}.RelWithDebInfo|win32.Build.0 = RelWithDebInfo|win32
		{0D21A82C-CF30-307F-9630-CDFA43F8561F}.Debug|win32.ActiveCfg = Debug|win32
		{0D21A82C-CF30-307F-9630-CDFA43F8561F}.Debug|win32.Build.0 = Debug|win32
		{0D21A82C-CF30-307F-9630-CDFA43F8561F}.Release|win32.ActiveCfg = Release|win32
		{0D21A82C-CF30-307F-9630-CDFA43F8561F}.Release|win32.Build.0 = Release|win32
		{0D21A82C-CF30-307F-9630-CDFA43F8561F}.MinSizeRel|win32.ActiveCfg = MinSizeRel|win32
		{0D21A82C-CF30-307F-9630-CDFA43F8561F}.MinSizeRel|win32.Build.0 = MinSizeRel|win32
		{0D21A82C-CF30-307F-9630-CDFA43F8561F}.RelWithDebInfo|win32.ActiveCfg = RelWithDebInfo|win32
		{0D21A82C-CF30-307F-9630-CDFA43F8561F}.RelWithDebInfo|win32.Build.0 = RelWithDebInfo|win32
		{C3351949-064D-3B37-8B03-3D5C5F743F18}.Debug|win32.ActiveCfg = Debug|win32
		{C3351949-064D-3B37-8B03-3D5C5F743F18}.Debug|win32.Build.0 = Debug|win32
		{C3351949-064D-3B37-8B03-3D5C5F743F18}.Release|win32.ActiveCfg = Release|win32
		{C3351949-064D-3B37-8B03-3D5C5F743F18}.Release|win32.Build.0 = Release|win32
		{C3351949-064D-3B37-8B03-3D5C5F743F18}.MinSizeRel|win32.ActiveCfg = MinSizeRel|win32
		{C3351949-064D-3B37-8B03-3D5C5F743F18}.MinSizeRel|win32.Build.0 = MinSizeRel|win32
		{C3351949-064D-3B37-8B03-3D5C5F743F18}.RelWithDebInfo|win32.ActiveCfg = RelWithDebInfo|win32
		{C3351949-064D-3B37-8B03-3D5C5F743F18}.RelWithDebInfo|win32.Build.0 = RelWithDebInfo|win32
		{AC1ACB86-B817-31DD-9F19-765023CC49E2}.Debug|win32.ActiveCfg = Debug|win32
		{AC1ACB86-B817-31DD-9F19-765023CC49E2}.Debug|win32.Build.0 = Debug|win32
		{AC1ACB86-B817-31DD-9F19-765023CC49E2}.Release|win32.ActiveCfg = Release|win32
		{AC1ACB86-B817-31DD-9F19-765023CC49E2}.Release|win32.Build.0 = Release|win32
		{AC1ACB86-B817-31DD-9F19-765023CC49E2}.MinSizeRel|win32.ActiveCfg = MinSizeRel|win32
		{AC1ACB86-B817-31DD-9F19-765023CC49E2}.MinSizeRel|win32.Build.0 = MinSizeRel|win32
		{AC1ACB86-B817-31DD-9F19-765023CC49E2}.RelWithDebInfo|win32.ActiveCfg = RelWithDebInfo|win32
		{AC1ACB86-B817-31DD-9F19-765023CC49E2}.RelWithDebInfo|win32.Build.0 = RelWithDebInfo|win32
		{D71D27E7-CCEE-3EDD-9739-59B71BE7C934}.Debug|win32.ActiveCfg = Debug|win32
		{D71D27E7-CCEE-3EDD-9739-59B71BE7C934}.Debug|win32.Build.0 = Debug|win32
		{D71D27E7-CCEE-3EDD-9739-59B71BE7C934}.Release|win32.ActiveCfg = Release|win32
		{D71D27E7-CCEE-3EDD-9739-59B71BE7C934}.Release|win32.Build.0 = Release|win32
		{D71D27E7-CCEE-3EDD-9739-59B71BE7C934}.MinSizeRel|win32.ActiveCfg = MinSizeRel|win32
		{D71D27E7-CCEE-3EDD-9739-59B71BE7C934}.MinSizeRel|win32.Build.0 = MinSizeRel|win32
		{D71D27E7-CCEE-3EDD-9739-59B71BE7C934}.RelWithDebInfo|win32.ActiveCfg = RelWithDebInfo|win32
		{D71D27E7-CCEE-3EDD-9739-59B71BE7C934}.RelWithDebInfo|win32.Build.0 = RelWithDebInfo|win32
		{741DF903-239F-3795-B504-AEDAFC766895}.Debug|win32.ActiveCfg = Debug|win32
		{741DF903-239F-3795-B504-AEDAFC766895}.Debug|win32.Build.0 = Debug|win32
		{741DF903-239F-3795-B504-AEDAFC766895}.Release|win32.ActiveCfg = Release|win32
		{741DF903-239F-3795-B504-AEDAFC766895}.Release|win32.Build.0 = Release|win32
		{741DF903-239F-3795-B504-AEDAFC766895}.MinSizeRel|win32.ActiveCfg = MinSizeRel|win32
		{741DF903-239F-3795-B504-AEDAFC766895}.MinSizeRel|win32.Build.0 = MinSizeRel|win32
		{741DF903-239F-3795-B504-AEDAFC766895}.RelWithDebInfo|win32.ActiveCfg = RelWithDebInfo|win32
		{741DF903-239F-3795-B504-AEDAFC766895}.RelWithDebInfo|win32.Build.0 = RelWithDebInfo|win32
		{BA05D3C3-FB80-377F-8133-E23480947445}.Debug|win32.ActiveCfg = Debug|win32
		{BA05D3C3-FB80-377F-8133-E23480947445}.Debug|win32.Build.0 = Debug|win32
		{BA05D3C3-FB80-377F-8133-E23480947445}.Release|win32.ActiveCfg = Release|win32
		{BA05D3C3-FB80-377F-8133-E23480947445}.Release|win32.Build.0 = Release|win32
		{BA05D3C3-FB80-377F-8133-E23480947445}.MinSizeRel|win32.ActiveCfg = MinSizeRel|win32
		{BA05D3C3-FB80-377F-8133-E23480947445}.MinSizeRel|win32.Build.0 = MinSizeRel|win32
		{BA05D3C3-FB80-377F-8133-E23480947445}.RelWithDebInfo|win32.ActiveCfg = RelWithDebInfo|win32
		{BA05D3C3-FB80-377F-8133-E23480947445}.RelWithDebInfo|win32.Build.0 = RelWithDebInfo|win32
		{8D254561-8E3E-3373-8DFA-A324FB2E8450}.Debug|win32.ActiveCfg = Debug|win32
		{8D254561-8E3E-3373-8DFA-A324FB2E8450}.Debug|win32.Build.0 = Debug|win32
		{8D254561-8E3E-3373-8DFA-A324FB2E8450}.Release|win32.ActiveCfg = Release|win32
		{8D254561-8E3E-3373-8DFA-A324FB2E8450}.Release|win32.Build.0 = Release|win32
		{8D254561-8E3E-3373-8DFA-A324FB2E8450}.MinSizeRel|win32.ActiveCfg = MinSizeRel|win32
		{8D254561-8E3E-3373-8DFA-A324FB2E8450}.MinSizeRel|win32.Build.0 = MinSizeRel|win32
		{8D254561-8E3E-3373-8DFA-A324FB2E8450}.RelWithDebInfo|win32.ActiveCfg = RelWithDebInfo|win32
		{8D254561-8E3E-3373-8DFA-A324FB2E8450}.RelWithDebInfo|win32.Build.0 = RelWithDebInfo|win32
	EndGlobalSection
	GlobalSection(NestedProjects) = preSolution
		{C47ADA04-1FF2-30FD-9572-3AFC89155583} = {09510566-9098-36B5-B9D3-3EA31A541A3A}
		{D0C62FE7-B592-3277-9047-3A1A3859BE45} = {09510566-9098-36B5-B9D3-3EA31A541A3A}
		{FBD7619C-ABB4-381D-8C9A-6D0E60C148A2} = {0EFB21D0-7231-37CC-8585-D0E0C9D65E2B}
		{F17FD27A-1406-3199-B636-3E269ABE2318} = {0EFB21D0-7231-37CC-8585-D0E0C9D65E2B}
		{053B4B67-9CEA-3665-8742-1F6F7287D792} = {0EFB21D0-7231-37CC-8585-D0E0C9D65E2B}
		{50E37423-47F4-391F-AD27-7D2E0126003C} = {0EFB21D0-7231-37CC-8585-D0E0C9D65E2B}
		{0D21A82C-CF30-307F-9630-CDFA43F8561F} = {0EFB21D0-7231-37CC-8585-D0E0C9D65E2B}
		{C3351949-064D-3B37-8B03-3D5C5F743F18} = {0EFB21D0-7231-37CC-8585-D0E0C9D65E2B}
		{AC1ACB86-B817-31DD-9F19-765023CC49E2} = {0EFB21D0-7231-37CC-8585-D0E0C9D65E2B}
		{D71D27E7-CCEE-3EDD-9739-59B71BE7C934} = {0EFB21D0-7231-37CC-8585-D0E0C9D65E2B}
		{741DF903-239F-3795-B504-AEDAFC766895} = {0EFB21D0-7231-37CC-8585-D0E0C9D65E2B}
		{BA05D3C3-FB80-377F-8133-E23480947445} = {0EFB21D0-7231-37CC-8585-D0E0C9D65E2B}
		{8D254561-8E3E-3373-8DFA-A324FB2E8450} = {0EFB21D0-7231-37CC-8585-D0E0C9D65E2B}
		{CEDD3192-F2E5-3220-9E07-8A023C68B579} = {C03605B6-E860-349C-A1ED-9B4563269536}
		{06953C2D-74E0-3A0B-B1D0-721E45754332} = {00E1AE88-4C49-357C-A9F8-BF1F8836A08B}
	EndGlobalSection
	GlobalSection(ExtensibilityGlobals) = postSolution
		SolutionGuid = {6A0D31C9-843F-3C96-9321-8AF0B02D5991}
	EndGlobalSection
	GlobalSection(ExtensibilityAddIns) = postSolution
	EndGlobalSection
EndGlobal
